// !$*UTF8*$!
{
	archiveVersion = 1;
	classes = {
	};
	objectVersion = 77;
	objects = {

/* Begin PBXBuildFile section */
		59382EA32DCA7B2E00C42296 /* SQLite in Frameworks */ = {isa = PBXBuildFile; productRef = 59382EA22DCA7B2E00C42296 /* SQLite */; };
/* End PBXBuildFile section */

/* Begin PBXContainerItemProxy section */
		59441ECD2DC80E9C00906A3C /* PBXContainerItemProxy */ = {
			isa = PBXContainerItemProxy;
			containerPortal = 59441EAE2DC80E9A00906A3C /* Project object */;
			proxyType = 1;
			remoteGlobalIDString = 59441EB52DC80E9A00906A3C;
			remoteInfo = MBankApp;
		};
		59441ED72DC80E9C00906A3C /* PBXContainerItemProxy */ = {
			isa = PBXContainerItemProxy;
			containerPortal = 59441EAE2DC80E9A00906A3C /* Project object */;
			proxyType = 1;
			remoteGlobalIDString = 59441EB52DC80E9A00906A3C;
			remoteInfo = MBankApp;
		};
/* End PBXContainerItemProxy section */

/* Begin PBXFileReference section */
		59382E802DCA6DDD00C42296 /* MBankApp.app */ = {isa = PBXFileReference; explicitFileType = wrapper.application; includeInIndex = 0; path = MBankApp.app; sourceTree = BUILT_PRODUCTS_DIR; };
		59382E812DCA6DDD00C42296 /* MBankAppTests.xctest */ = {isa = PBXFileReference; explicitFileType = wrapper.cfbundle; includeInIndex = 0; path = MBankAppTests.xctest; sourceTree = BUILT_PRODUCTS_DIR; };
		59382E822DCA6DDD00C42296 /* MBankAppUITests.xctest */ = {isa = PBXFileReference; explicitFileType = wrapper.cfbundle; includeInIndex = 0; path = MBankAppUITests.xctest; sourceTree = BUILT_PRODUCTS_DIR; };
/* End PBXFileReference section */

/* Begin PBXFileSystemSynchronizedBuildFileExceptionSet section */
		59441EDE2DC80E9C00906A3C /* Exceptions for "MBankApp" folder in "MBankApp" target */ = {
			isa = PBXFileSystemSynchronizedBuildFileExceptionSet;
			membershipExceptions = (
				Info.plist,
			);
			target = 59441EB52DC80E9A00906A3C /* MBankApp */;
		};
/* End PBXFileSystemSynchronizedBuildFileExceptionSet section */

/* Begin PBXFileSystemSynchronizedRootGroup section */
		59382E9C2DCA718700C42296 /* Database */ = {
			isa = PBXFileSystemSynchronizedRootGroup;
			path = Database;
			sourceTree = "<group>";
		};
		59382EA42DCA7BBA00C42296 /* Models */ = {
			isa = PBXFileSystemSynchronizedRootGroup;
			path = Models;
			sourceTree = "<group>";
		};
		59382EA82DCA7CB200C42296 /* Helpers */ = {
			isa = PBXFileSystemSynchronizedRootGroup;
			path = Helpers;
			sourceTree = "<group>";
		};
		59441EB82DC80E9A00906A3C /* MBankApp */ = {
			isa = PBXFileSystemSynchronizedRootGroup;
			exceptions = (
				59441EDE2DC80E9C00906A3C /* Exceptions for "MBankApp" folder in "MBankApp" target */,
			);
			path = MBankApp;
			sourceTree = "<group>";
		};
		59930CAA2DD098FF00E2BD14 /* Extensions */ = {
			isa = PBXFileSystemSynchronizedRootGroup;
			path = Extensions;
			sourceTree = "<group>";
		};
		59CC72012DC90C9600F50D18 /* ViewControllers */ = {
			isa = PBXFileSystemSynchronizedRootGroup;
			path = ViewControllers;
			sourceTree = "<group>";
		};
		59CC72062DC90D8C00F50D18 /* ViewModel */ = {
			isa = PBXFileSystemSynchronizedRootGroup;
			path = ViewModel;
			sourceTree = "<group>";
		};
/* End PBXFileSystemSynchronizedRootGroup section */

/* Begin PBXFrameworksBuildPhase section */
		59441EB32DC80E9A00906A3C /* Frameworks */ = {
			isa = PBXFrameworksBuildPhase;
			buildActionMask = 2147483647;
			files = (
				59382EA32DCA7B2E00C42296 /* SQLite in Frameworks */,
			);
			runOnlyForDeploymentPostprocessing = 0;
		};
		59441EC92DC80E9C00906A3C /* Frameworks */ = {
			isa = PBXFrameworksBuildPhase;
			buildActionMask = 2147483647;
			files = (
			);
			runOnlyForDeploymentPostprocessing = 0;
		};
		59441ED32DC80E9C00906A3C /* Frameworks */ = {
			isa = PBXFrameworksBuildPhase;
			buildActionMask = 2147483647;
			files = (
			);
			runOnlyForDeploymentPostprocessing = 0;
		};
/* End PBXFrameworksBuildPhase section */

/* Begin PBXGroup section */
		59382EA12DCA7B2E00C42296 /* Frameworks */ = {
			isa = PBXGroup;
			children = (
			);
			name = Frameworks;
			sourceTree = "<group>";
		};
		59441EAD2DC80E9A00906A3C = {
			isa = PBXGroup;
			children = (
				59930CAA2DD098FF00E2BD14 /* Extensions */,
				59382EA82DCA7CB200C42296 /* Helpers */,
				59382EA42DCA7BBA00C42296 /* Models */,
				59382E9C2DCA718700C42296 /* Database */,
				59441EB82DC80E9A00906A3C /* MBankApp */,
				59CC72062DC90D8C00F50D18 /* ViewModel */,
				59CC72012DC90C9600F50D18 /* ViewControllers */,
				59382E802DCA6DDD00C42296 /* MBankApp.app */,
				59382E812DCA6DDD00C42296 /* MBankAppTests.xctest */,
				59382E822DCA6DDD00C42296 /* MBankAppUITests.xctest */,
				59382EA12DCA7B2E00C42296 /* Frameworks */,
			);
			sourceTree = "<group>";
		};
/* End PBXGroup section */

/* Begin PBXNativeTarget section */
		59441EB52DC80E9A00906A3C /* MBankApp */ = {
			isa = PBXNativeTarget;
			buildConfigurationList = 59441EDF2DC80E9C00906A3C /* Build configuration list for PBXNativeTarget "MBankApp" */;
			buildPhases = (
				59441EB22DC80E9A00906A3C /* Sources */,
				59441EB32DC80E9A00906A3C /* Frameworks */,
				59441EB42DC80E9A00906A3C /* Resources */,
			);
			buildRules = (
			);
			dependencies = (
			);
			fileSystemSynchronizedGroups = (
				59382E9C2DCA718700C42296 /* Database */,
				59382EA42DCA7BBA00C42296 /* Models */,
				59382EA82DCA7CB200C42296 /* Helpers */,
				59441EB82DC80E9A00906A3C /* MBankApp */,
				59930CAA2DD098FF00E2BD14 /* Extensions */,
				59CC72012DC90C9600F50D18 /* ViewControllers */,
				59CC72062DC90D8C00F50D18 /* ViewModel */,
			);
			name = MBankApp;
			packageProductDependencies = (
				59382EA22DCA7B2E00C42296 /* SQLite */,
			);
			productName = MBankApp;
			productReference = 59382E802DCA6DDD00C42296 /* MBankApp.app */;
			productType = "com.apple.product-type.application";
		};
		59441ECB2DC80E9C00906A3C /* MBankAppTests */ = {
			isa = PBXNativeTarget;
			buildConfigurationList = 59441EE42DC80E9C00906A3C /* Build configuration list for PBXNativeTarget "MBankAppTests" */;
			buildPhases = (
				59441EC82DC80E9C00906A3C /* Sources */,
				59441EC92DC80E9C00906A3C /* Frameworks */,
				59441ECA2DC80E9C00906A3C /* Resources */,
			);
			buildRules = (
			);
			dependencies = (
				59441ECE2DC80E9C00906A3C /* PBXTargetDependency */,
			);
			name = MBankAppTests;
			packageProductDependencies = (
			);
			productName = MBankAppTests;
			productReference = 59382E812DCA6DDD00C42296 /* MBankAppTests.xctest */;
			productType = "com.apple.product-type.bundle.unit-test";
		};
		59441ED52DC80E9C00906A3C /* MBankAppUITests */ = {
			isa = PBXNativeTarget;
			buildConfigurationList = 59441EE72DC80E9C00906A3C /* Build configuration list for PBXNativeTarget "MBankAppUITests" */;
			buildPhases = (
				59441ED22DC80E9C00906A3C /* Sources */,
				59441ED32DC80E9C00906A3C /* Frameworks */,
				59441ED42DC80E9C00906A3C /* Resources */,
			);
			buildRules = (
			);
			dependencies = (
				59441ED82DC80E9C00906A3C /* PBXTargetDependency */,
			);
			name = MBankAppUITests;
			packageProductDependencies = (
			);
			productName = MBankAppUITests;
			productReference = 59382E822DCA6DDD00C42296 /* MBankAppUITests.xctest */;
			productType = "com.apple.product-type.bundle.ui-testing";
		};
/* End PBXNativeTarget section */

/* Begin PBXProject section */
		59441EAE2DC80E9A00906A3C /* Project object */ = {
			isa = PBXProject;
			attributes = {
				BuildIndependentTargetsInParallel = 1;
				LastSwiftUpdateCheck = 1630;
				LastUpgradeCheck = 1630;
				TargetAttributes = {
					59441EB52DC80E9A00906A3C = {
						CreatedOnToolsVersion = 16.3;
					};
					59441ECB2DC80E9C00906A3C = {
						CreatedOnToolsVersion = 16.3;
						TestTargetID = 59441EB52DC80E9A00906A3C;
					};
					59441ED52DC80E9C00906A3C = {
						CreatedOnToolsVersion = 16.3;
						TestTargetID = 59441EB52DC80E9A00906A3C;
					};
				};
			};
			buildConfigurationList = 59441EB12DC80E9A00906A3C /* Build configuration list for PBXProject "MBankApp" */;
			developmentRegion = en;
			hasScannedForEncodings = 0;
			knownRegions = (
				en,
				Base,
			);
			mainGroup = 59441EAD2DC80E9A00906A3C;
			minimizedProjectReferenceProxies = 1;
			packageReferences = (
				59382EA02DCA78ED00C42296 /* XCRemoteSwiftPackageReference "SQLite" */,
			);
			preferredProjectObjectVersion = 77;
			productRefGroup = 59441EAD2DC80E9A00906A3C;
			projectDirPath = "";
			projectRoot = "";
			targets = (
				59441EB52DC80E9A00906A3C /* MBankApp */,
				59441ECB2DC80E9C00906A3C /* MBankAppTests */,
				59441ED52DC80E9C00906A3C /* MBankAppUITests */,
			);
		};
/* End PBXProject section */

/* Begin PBXResourcesBuildPhase section */
		59441EB42DC80E9A00906A3C /* Resources */ = {
			isa = PBXResourcesBuildPhase;
			buildActionMask = 2147483647;
			files = (
			);
			runOnlyForDeploymentPostprocessing = 0;
		};
		59441ECA2DC80E9C00906A3C /* Resources */ = {
			isa = PBXResourcesBuildPhase;
			buildActionMask = 2147483647;
			files = (
			);
			runOnlyForDeploymentPostprocessing = 0;
		};
		59441ED42DC80E9C00906A3C /* Resources */ = {
			isa = PBXResourcesBuildPhase;
			buildActionMask = 2147483647;
			files = (
			);
			runOnlyForDeploymentPostprocessing = 0;
		};
/* End PBXResourcesBuildPhase section */

/* Begin PBXSourcesBuildPhase section */
		59441EB22DC80E9A00906A3C /* Sources */ = {
			isa = PBXSourcesBuildPhase;
			buildActionMask = 2147483647;
			files = (
			);
			runOnlyForDeploymentPostprocessing = 0;
		};
		59441EC82DC80E9C00906A3C /* Sources */ = {
			isa = PBXSourcesBuildPhase;
			buildActionMask = 2147483647;
			files = (
			);
			runOnlyForDeploymentPostprocessing = 0;
		};
		59441ED22DC80E9C00906A3C /* Sources */ = {
			isa = PBXSourcesBuildPhase;
			buildActionMask = 2147483647;
			files = (
			);
			runOnlyForDeploymentPostprocessing = 0;
		};
/* End PBXSourcesBuildPhase section */

/* Begin PBXTargetDependency section */
		59441ECE2DC80E9C00906A3C /* PBXTargetDependency */ = {
			isa = PBXTargetDependency;
			target = 59441EB52DC80E9A00906A3C /* MBankApp */;
			targetProxy = 59441ECD2DC80E9C00906A3C /* PBXContainerItemProxy */;
		};
		59441ED82DC80E9C00906A3C /* PBXTargetDependency */ = {
			isa = PBXTargetDependency;
			target = 59441EB52DC80E9A00906A3C /* MBankApp */;
			targetProxy = 59441ED72DC80E9C00906A3C /* PBXContainerItemProxy */;
		};
/* End PBXTargetDependency section */

/* Begin XCBuildConfiguration section */
		59441EE02DC80E9C00906A3C /* Debug */ = {
			isa = XCBuildConfiguration;
			buildSettings = {
				ASSETCATALOG_COMPILER_APPICON_NAME = AppIcon;
				ASSETCATALOG_COMPILER_GLOBAL_ACCENT_COLOR_NAME = AccentColor;
				CODE_SIGN_STYLE = Automatic;
				CURRENT_PROJECT_VERSION = 1;
				DEVELOPMENT_TEAM = B9P57CT99D;
				GENERATE_INFOPLIST_FILE = YES;
				INFOPLIST_FILE = MBankApp/Info.plist;
				INFOPLIST_KEY_NSFaceIDUsageDescription = "";
				INFOPLIST_KEY_UIApplicationSupportsIndirectInputEvents = YES;
				INFOPLIST_KEY_UILaunchStoryboardName = LaunchScreen;
				INFOPLIST_KEY_UISupportedInterfaceOrientations_iPad = "UIInterfaceOrientationPortrait UIInterfaceOrientationPortraitUpsideDown UIInterfaceOrientationLandscapeLeft UIInterfaceOrientationLandscapeRight";
				INFOPLIST_KEY_UISupportedInterfaceOrientations_iPhone = "UIInterfaceOrientationPortrait UIInterfaceOrientationLandscapeLeft UIInterfaceOrientationLandscapeRight";
				LD_RUNPATH_SEARCH_PATHS = (
					"$(inherited)",
					"@executable_path/Frameworks",
				);
				MARKETING_VERSION = 1.0;
				PRODUCT_BUNDLE_IDENTIFIER = ivanposavac.MBankApp;
				PRODUCT_NAME = "$(TARGET_NAME)";
				SWIFT_EMIT_LOC_STRINGS = YES;
				SWIFT_VERSION = 5.0;
				TARGETED_DEVICE_FAMILY = "1,2";
			};
			name = Debug;
		};
		59441EE12DC80E9C00906A3C /* Release */ = {
			isa = XCBuildConfiguration;
			buildSettings = {
				ASSETCATALOG_COMPILER_APPICON_NAME = AppIcon;
				ASSETCATALOG_COMPILER_GLOBAL_ACCENT_COLOR_NAME = AccentColor;
				CODE_SIGN_STYLE = Automatic;
				CURRENT_PROJECT_VERSION = 1;
				DEVELOPMENT_TEAM = B9P57CT99D;
				GENERATE_INFOPLIST_FILE = YES;
				INFOPLIST_FILE = MBankApp/Info.plist;
				INFOPLIST_KEY_NSFaceIDUsageDescription = "";
				INFOPLIST_KEY_UIApplicationSupportsIndirectInputEvents = YES;
				INFOPLIST_KEY_UILaunchStoryboardName = LaunchScreen;
				INFOPLIST_KEY_UISupportedInterfaceOrientations_iPad = "UIInterfaceOrientationPortrait UIInterfaceOrientationPortraitUpsideDown UIInterfaceOrientationLandscapeLeft UIInterfaceOrientationLandscapeRight";
				INFOPLIST_KEY_UISupportedInterfaceOrientations_iPhone = "UIInterfaceOrientationPortrait UIInterfaceOrientationLandscapeLeft UIInterfaceOrientationLandscapeRight";
				LD_RUNPATH_SEARCH_PATHS = (
					"$(inherited)",
					"@executable_path/Frameworks",
				);
				MARKETING_VERSION = 1.0;
				PRODUCT_BUNDLE_IDENTIFIER = ivanposavac.MBankApp;
				PRODUCT_NAME = "$(TARGET_NAME)";
				SWIFT_EMIT_LOC_STRINGS = YES;
				SWIFT_VERSION = 5.0;
				TARGETED_DEVICE_FAMILY = "1,2";
			};
			name = Release;
		};
		59441EE22DC80E9C00906A3C /* Debug */ = {
			isa = XCBuildConfiguration;
			buildSettings = {
				ALWAYS_SEARCH_USER_PATHS = NO;
				ASSETCATALOG_COMPILER_GENERATE_SWIFT_ASSET_SYMBOL_EXTENSIONS = YES;
				CLANG_ANALYZER_NONNULL = YES;
				CLANG_ANALYZER_NUMBER_OBJECT_CONVERSION = YES_AGGRESSIVE;
				CLANG_CXX_LANGUAGE_STANDARD = "gnu++20";
				CLANG_ENABLE_MODULES = YES;
				CLANG_ENABLE_OBJC_ARC = YES;
				CLANG_ENABLE_OBJC_WEAK = YES;
				CLANG_WARN_BLOCK_CAPTURE_AUTORELEASING = YES;
				CLANG_WARN_BOOL_CONVERSION = YES;
				CLANG_WARN_COMMA = YES;
				CLANG_WARN_CONSTANT_CONVERSION = YES;
				CLANG_WARN_DEPRECATED_OBJC_IMPLEMENTATIONS = YES;
				CLANG_WARN_DIRECT_OBJC_ISA_USAGE = YES_ERROR;
				CLANG_WARN_DOCUMENTATION_COMMENTS = YES;
				CLANG_WARN_EMPTY_BODY = YES;
				CLANG_WARN_ENUM_CONVERSION = YES;
				CLANG_WARN_INFINITE_RECURSION = YES;
				CLANG_WARN_INT_CONVERSION = YES;
				CLANG_WARN_NON_LITERAL_NULL_CONVERSION = YES;
				CLANG_WARN_OBJC_IMPLICIT_RETAIN_SELF = YES;
				CLANG_WARN_OBJC_LITERAL_CONVERSION = YES;
				CLANG_WARN_OBJC_ROOT_CLASS = YES_ERROR;
				CLANG_WARN_QUOTED_INCLUDE_IN_FRAMEWORK_HEADER = YES;
				CLANG_WARN_RANGE_LOOP_ANALYSIS = YES;
				CLANG_WARN_STRICT_PROTOTYPES = YES;
				CLANG_WARN_SUSPICIOUS_MOVE = YES;
				CLANG_WARN_UNGUARDED_AVAILABILITY = YES_AGGRESSIVE;
				CLANG_WARN_UNREACHABLE_CODE = YES;
				CLANG_WARN__DUPLICATE_METHOD_MATCH = YES;
				COPY_PHASE_STRIP = NO;
				DEBUG_INFORMATION_FORMAT = dwarf;
				ENABLE_STRICT_OBJC_MSGSEND = YES;
				ENABLE_TESTABILITY = YES;
				ENABLE_USER_SCRIPT_SANDBOXING = YES;
				GCC_C_LANGUAGE_STANDARD = gnu17;
				GCC_DYNAMIC_NO_PIC = NO;
				GCC_NO_COMMON_BLOCKS = YES;
				GCC_OPTIMIZATION_LEVEL = 0;
				GCC_PREPROCESSOR_DEFINITIONS = (
					"DEBUG=1",
					"$(inherited)",
				);
				GCC_WARN_64_TO_32_BIT_CONVERSION = YES;
				GCC_WARN_ABOUT_RETURN_TYPE = YES_ERROR;
				GCC_WARN_UNDECLARED_SELECTOR = YES;
				GCC_WARN_UNINITIALIZED_AUTOS = YES_AGGRESSIVE;
				GCC_WARN_UNUSED_FUNCTION = YES;
				GCC_WARN_UNUSED_VARIABLE = YES;
				IPHONEOS_DEPLOYMENT_TARGET = 18.4;
				LOCALIZATION_PREFERS_STRING_CATALOGS = YES;
				MTL_ENABLE_DEBUG_INFO = INCLUDE_SOURCE;
				MTL_FAST_MATH = YES;
				ONLY_ACTIVE_ARCH = YES;
				SDKROOT = iphoneos;
				SWIFT_ACTIVE_COMPILATION_CONDITIONS = "DEBUG $(inherited)";
				SWIFT_OPTIMIZATION_LEVEL = "-Onone";
			};
			name = Debug;
		};
		59441EE32DC80E9C00906A3C /* Release */ = {
			isa = XCBuildConfiguration;
			buildSettings = {
				ALWAYS_SEARCH_USER_PATHS = NO;
				ASSETCATALOG_COMPILER_GENERATE_SWIFT_ASSET_SYMBOL_EXTENSIONS = YES;
				CLANG_ANALYZER_NONNULL = YES;
				CLANG_ANALYZER_NUMBER_OBJECT_CONVERSION = YES_AGGRESSIVE;
				CLANG_CXX_LANGUAGE_STANDARD = "gnu++20";
				CLANG_ENABLE_MODULES = YES;
				CLANG_ENABLE_OBJC_ARC = YES;
				CLANG_ENABLE_OBJC_WEAK = YES;
				CLANG_WARN_BLOCK_CAPTURE_AUTORELEASING = YES;
				CLANG_WARN_BOOL_CONVERSION = YES;
				CLANG_WARN_COMMA = YES;
				CLANG_WARN_CONSTANT_CONVERSION = YES;
				CLANG_WARN_DEPRECATED_OBJC_IMPLEMENTATIONS = YES;
				CLANG_WARN_DIRECT_OBJC_ISA_USAGE = YES_ERROR;
				CLANG_WARN_DOCUMENTATION_COMMENTS = YES;
				CLANG_WARN_EMPTY_BODY = YES;
				CLANG_WARN_ENUM_CONVERSION = YES;
				CLANG_WARN_INFINITE_RECURSION = YES;
				CLANG_WARN_INT_CONVERSION = YES;
				CLANG_WARN_NON_LITERAL_NULL_CONVERSION = YES;
				CLANG_WARN_OBJC_IMPLICIT_RETAIN_SELF = YES;
				CLANG_WARN_OBJC_LITERAL_CONVERSION = YES;
				CLANG_WARN_OBJC_ROOT_CLASS = YES_ERROR;
				CLANG_WARN_QUOTED_INCLUDE_IN_FRAMEWORK_HEADER = YES;
				CLANG_WARN_RANGE_LOOP_ANALYSIS = YES;
				CLANG_WARN_STRICT_PROTOTYPES = YES;
				CLANG_WARN_SUSPICIOUS_MOVE = YES;
				CLANG_WARN_UNGUARDED_AVAILABILITY = YES_AGGRESSIVE;
				CLANG_WARN_UNREACHABLE_CODE = YES;
				CLANG_WARN__DUPLICATE_METHOD_MATCH = YES;
				COPY_PHASE_STRIP = NO;
				DEBUG_INFORMATION_FORMAT = "dwarf-with-dsym";
				ENABLE_NS_ASSERTIONS = NO;
				ENABLE_STRICT_OBJC_MSGSEND = YES;
				ENABLE_USER_SCRIPT_SANDBOXING = YES;
				GCC_C_LANGUAGE_STANDARD = gnu17;
				GCC_NO_COMMON_BLOCKS = YES;
				GCC_WARN_64_TO_32_BIT_CONVERSION = YES;
				GCC_WARN_ABOUT_RETURN_TYPE = YES_ERROR;
				GCC_WARN_UNDECLARED_SELECTOR = YES;
				GCC_WARN_UNINITIALIZED_AUTOS = YES_AGGRESSIVE;
				GCC_WARN_UNUSED_FUNCTION = YES;
				GCC_WARN_UNUSED_VARIABLE = YES;
				IPHONEOS_DEPLOYMENT_TARGET = 18.4;
				LOCALIZATION_PREFERS_STRING_CATALOGS = YES;
				MTL_ENABLE_DEBUG_INFO = NO;
				MTL_FAST_MATH = YES;
				SDKROOT = iphoneos;
				SWIFT_COMPILATION_MODE = wholemodule;
				VALIDATE_PRODUCT = YES;
			};
			name = Release;
		};
		59441EE52DC80E9C00906A3C /* Debug */ = {
			isa = XCBuildConfiguration;
			buildSettings = {
				BUNDLE_LOADER = "$(TEST_HOST)";
				CODE_SIGN_STYLE = Automatic;
				CURRENT_PROJECT_VERSION = 1;
				GENERATE_INFOPLIST_FILE = YES;
				IPHONEOS_DEPLOYMENT_TARGET = 18.4;
				MARKETING_VERSION = 1.0;
				PRODUCT_BUNDLE_IDENTIFIER = ivanposavac.MBankAppTests;
				PRODUCT_NAME = "$(TARGET_NAME)";
				SWIFT_EMIT_LOC_STRINGS = NO;
				SWIFT_VERSION = 5.0;
				TARGETED_DEVICE_FAMILY = "1,2";
				TEST_HOST = "$(BUILT_PRODUCTS_DIR)/MBankApp.app/$(BUNDLE_EXECUTABLE_FOLDER_PATH)/MBankApp";
			};
			name = Debug;
		};
		59441EE62DC80E9C00906A3C /* Release */ = {
			isa = XCBuildConfiguration;
			buildSettings = {
				BUNDLE_LOADER = "$(TEST_HOST)";
				CODE_SIGN_STYLE = Automatic;
				CURRENT_PROJECT_VERSION = 1;
				GENERATE_INFOPLIST_FILE = YES;
				IPHONEOS_DEPLOYMENT_TARGET = 18.4;
				MARKETING_VERSION = 1.0;
				PRODUCT_BUNDLE_IDENTIFIER = ivanposavac.MBankAppTests;
				PRODUCT_NAME = "$(TARGET_NAME)";
				SWIFT_EMIT_LOC_STRINGS = NO;
				SWIFT_VERSION = 5.0;
				TARGETED_DEVICE_FAMILY = "1,2";
				TEST_HOST = "$(BUILT_PRODUCTS_DIR)/MBankApp.app/$(BUNDLE_EXECUTABLE_FOLDER_PATH)/MBankApp";
			};
			name = Release;
		};
		59441EE82DC80E9C00906A3C /* Debug */ = {
			isa = XCBuildConfiguration;
			buildSettings = {
				CODE_SIGN_STYLE = Automatic;
				CURRENT_PROJECT_VERSION = 1;
				GENERATE_INFOPLIST_FILE = YES;
				MARKETING_VERSION = 1.0;
				PRODUCT_BUNDLE_IDENTIFIER = ivanposavac.MBankAppUITests;
				PRODUCT_NAME = "$(TARGET_NAME)";
				SWIFT_EMIT_LOC_STRINGS = NO;
				SWIFT_VERSION = 5.0;
				TARGETED_DEVICE_FAMILY = "1,2";
				TEST_TARGET_NAME = MBankApp;
			};
			name = Debug;
		};
		59441EE92DC80E9C00906A3C /* Release */ = {
			isa = XCBuildConfiguration;
			buildSettings = {
				CODE_SIGN_STYLE = Automatic;
				CURRENT_PROJECT_VERSION = 1;
				GENERATE_INFOPLIST_FILE = YES;
				MARKETING_VERSION = 1.0;
				PRODUCT_BUNDLE_IDENTIFIER = ivanposavac.MBankAppUITests;
				PRODUCT_NAME = "$(TARGET_NAME)";
				SWIFT_EMIT_LOC_STRINGS = NO;
				SWIFT_VERSION = 5.0;
				TARGETED_DEVICE_FAMILY = "1,2";
				TEST_TARGET_NAME = MBankApp;
			};
			name = Release;
		};
/* End XCBuildConfiguration section */

/* Begin XCConfigurationList section */
		59441EB12DC80E9A00906A3C /* Build configuration list for PBXProject "MBankApp" */ = {
			isa = XCConfigurationList;
			buildConfigurations = (
				59441EE22DC80E9C00906A3C /* Debug */,
				59441EE32DC80E9C00906A3C /* Release */,
			);
			defaultConfigurationIsVisible = 0;
			defaultConfigurationName = Release;
		};
		59441EDF2DC80E9C00906A3C /* Build configuration list for PBXNativeTarget "MBankApp" */ = {
			isa = XCConfigurationList;
			buildConfigurations = (
				59441EE02DC80E9C00906A3C /* Debug */,
				59441EE12DC80E9C00906A3C /* Release */,
			);
			defaultConfigurationIsVisible = 0;
			defaultConfigurationName = Release;
		};
		59441EE42DC80E9C00906A3C /* Build configuration list for PBXNativeTarget "MBankAppTests" */ = {
			isa = XCConfigurationList;
			buildConfigurations = (
				59441EE52DC80E9C00906A3C /* Debug */,
				59441EE62DC80E9C00906A3C /* Release */,
			);
			defaultConfigurationIsVisible = 0;
			defaultConfigurationName = Release;
		};
		59441EE72DC80E9C00906A3C /* Build configuration list for PBXNativeTarget "MBankAppUITests" */ = {
			isa = XCConfigurationList;
			buildConfigurations = (
				59441EE82DC80E9C00906A3C /* Debug */,
				59441EE92DC80E9C00906A3C /* Release */,
			);
			defaultConfigurationIsVisible = 0;
			defaultConfigurationName = Release;
		};
/* End XCConfigurationList section */

/* Begin XCRemoteSwiftPackageReference section */
		59382EA02DCA78ED00C42296 /* XCRemoteSwiftPackageReference "SQLite" */ = {
			isa = XCRemoteSwiftPackageReference;
			repositoryURL = "https://github.com/stephencelis/SQLite.swift";
			requirement = {
				kind = upToNextMajorVersion;
				minimumVersion = 0.15.3;
			};
		};
/* End XCRemoteSwiftPackageReference section */

/* Begin XCSwiftPackageProductDependency section */
		59382EA22DCA7B2E00C42296 /* SQLite */ = {
			isa = XCSwiftPackageProductDependency;
			package = 59382EA02DCA78ED00C42296 /* XCRemoteSwiftPackageReference "SQLite" */;
			productName = SQLite;
		};
/* End XCSwiftPackageProductDependency section */
	};
	rootObject = 59441EAE2DC80E9A00906A3C /* Project object */;
}
